
Microsoft Visual Studio Solution File, Format Version 12.00
# Visual Studio Version 17
VisualStudioVersion = 17.4.33110.190
MinimumVisualStudioVersion = 10.0.40219.1
Project("{FAE04EC0-301F-11D3-BF4B-00C04F79EFBC}") = "IDZ_BD", "IDZ_BD.csproj", "{89029159-CB5B-4B3A-80D6-0EEB19CDF43C}"
EndProject
Global
	GlobalSection(SolutionConfigurationPlatforms) = preSolution
		Debug|Any CPU = Debug|Any CPU
		Release|Any CPU = Release|Any CPU
	EndGlobalSection
	GlobalSection(ProjectConfigurationPlatforms) = postSolution
		{89029159-CB5B-4B3A-80D6-0EEB19CDF43C}.Debug|Any CPU.ActiveCfg = Debug|Any CPU
		{89029159-CB5B-4B3A-80D6-0EEB19CDF43C}.Debug|Any CPU.Build.0 = Debug|Any CPU
		{89029159-CB5B-4B3A-80D6-0EEB19CDF43C}.Release|Any CPU.ActiveCfg = Release|Any CPU
		{89029159-CB5B-4B3A-80D6-0EEB19CDF43C}.Release|Any CPU.Build.0 = Release|Any CPU
	EndGlobalSection
	GlobalSection(SolutionProperties) = preSolution
		HideSolutionNode = FALSE
	EndGlobalSection
	GlobalSection(ExtensibilityGlobals) = postSolution
		SolutionGuid = {44D00DB1-2A01-4746-8363-283CBC9D23C0}
	EndGlobalSection
EndGlobal
